
Microsoft Visual Studio Solution File, Format Version 12.00
# Visual Studio Version 16
VisualStudioVersion = 16.0.28803.452
MinimumVisualStudioVersion = 10.0.40219.1
Project("{FAE04EC0-301F-11D3-BF4B-00C04F79EFBC}") = "AFYClient", "AFYClient\AFYClient.csproj", "{1E3853A7-2B30-4939-8248-2CF1A279BE17}"
EndProject
Global
	GlobalSection(SolutionConfigurationPlatforms) = preSolution
		Debug|Any CPU = Debug|Any CPU
		Release|Any CPU = Release|Any CPU
	EndGlobalSection
	GlobalSection(ProjectConfigurationPlatforms) = postSolution
		{1E3853A7-2B30-4939-8248-2CF1A279BE17}.Debug|Any CPU.ActiveCfg = Debug|Any CPU
		{1E3853A7-2B30-4939-8248-2CF1A279BE17}.Debug|Any CPU.Build.0 = Debug|Any CPU
		{1E3853A7-2B30-4939-8248-2CF1A279BE17}.Release|Any CPU.ActiveCfg = Release|Any CPU
		{1E3853A7-2B30-4939-8248-2CF1A279BE17}.Release|Any CPU.Build.0 = Release|Any CPU
	EndGlobalSection
	GlobalSection(SolutionProperties) = preSolution
		HideSolutionNode = FALSE
	EndGlobalSection
	GlobalSection(ExtensibilityGlobals) = postSolution
		SolutionGuid = {307ED741-BE1E-41C4-967F-3F1B9EE4E9D8}
	EndGlobalSection
EndGlobal
